
Microsoft Visual Studio Solution File, Format Version 12.00
Project("{FAE04EC0-301F-11D3-BF4B-00C04F79EFBC}") = "GstSharpBundle", "GstSharpBundle\GstSharpBundle.csproj", "{5172AB4D-9D82-4EAC-A0D7-308BE697A9DA}"
EndProject
Project("{FAE04EC0-301F-11D3-BF4B-00C04F79EFBC}") = "GstSharpBundle.Windows.X64", "GstSharpBundle.Windows.X64\GstSharpBundle.Windows.X64.csproj", "{2831ECBA-4D19-42CA-AD32-9EB826DB0F87}"
EndProject
Project("{2150E333-8FDC-42A3-9474-1A3956D46DE8}") = "_SolutionItems", "_SolutionItems", "{2AC03828-911A-45C5-8407-9F6DEC7F6C90}"
	ProjectSection(SolutionItems) = preProject
		Directory.Build.props = Directory.Build.props
		README.md = README.md
	EndProjectSection
EndProject
Global
	GlobalSection(SolutionConfigurationPlatforms) = preSolution
		Debug|Any CPU = Debug|Any CPU
		Release|Any CPU = Release|Any CPU
	EndGlobalSection
	GlobalSection(ProjectConfigurationPlatforms) = postSolution
		{5172AB4D-9D82-4EAC-A0D7-308BE697A9DA}.Debug|Any CPU.ActiveCfg = Debug|Any CPU
		{5172AB4D-9D82-4EAC-A0D7-308BE697A9DA}.Debug|Any CPU.Build.0 = Debug|Any CPU
		{5172AB4D-9D82-4EAC-A0D7-308BE697A9DA}.Release|Any CPU.ActiveCfg = Release|Any CPU
		{5172AB4D-9D82-4EAC-A0D7-308BE697A9DA}.Release|Any CPU.Build.0 = Release|Any CPU
		{2831ECBA-4D19-42CA-AD32-9EB826DB0F87}.Debug|Any CPU.ActiveCfg = Debug|Any CPU
		{2831ECBA-4D19-42CA-AD32-9EB826DB0F87}.Debug|Any CPU.Build.0 = Debug|Any CPU
		{2831ECBA-4D19-42CA-AD32-9EB826DB0F87}.Release|Any CPU.ActiveCfg = Release|Any CPU
		{2831ECBA-4D19-42CA-AD32-9EB826DB0F87}.Release|Any CPU.Build.0 = Release|Any CPU
	EndGlobalSection
EndGlobal
